
Microsoft Visual Studio Solution File, Format Version 12.00
# Visual Studio Version 16
VisualStudioVersion = 16.0.29728.190
MinimumVisualStudioVersion = 10.0.40219.1
Project("{9A19103F-16F7-4668-BE54-9A1E7A4F7556}") = "SequenceOnDeath", "SequenceOnDeath\SequenceOnDeath.csproj", "{AB878E66-B582-4DC9-A395-414E18B278DC}"
EndProject
Global
	GlobalSection(SolutionConfigurationPlatforms) = preSolution
		Debug|Any CPU = Debug|Any CPU
		Release|Any CPU = Release|Any CPU
	EndGlobalSection
	GlobalSection(ProjectConfigurationPlatforms) = postSolution
		{AB878E66-B582-4DC9-A395-414E18B278DC}.Debug|Any CPU.ActiveCfg = Debug|Any CPU
		{AB878E66-B582-4DC9-A395-414E18B278DC}.Debug|Any CPU.Build.0 = Debug|Any CPU
		{AB878E66-B582-4DC9-A395-414E18B278DC}.Release|Any CPU.ActiveCfg = Release|Any CPU
		{AB878E66-B582-4DC9-A395-414E18B278DC}.Release|Any CPU.Build.0 = Release|Any CPU
	EndGlobalSection
	GlobalSection(SolutionProperties) = preSolution
		HideSolutionNode = FALSE
	EndGlobalSection
	GlobalSection(ExtensibilityGlobals) = postSolution
		SolutionGuid = {2180F575-A07F-4E45-A431-894C34A7A405}
	EndGlobalSection
EndGlobal
